
Microsoft Visual Studio Solution File, Format Version 12.00
# Visual Studio 14
VisualStudioVersion = 14.0.25420.1
MinimumVisualStudioVersion = 10.0.40219.1
Project("{FAE04EC0-301F-11D3-BF4B-00C04F79EFBC}") = "Test.UI", "Test.UI\Test.UI.csproj", "{CA2438BA-6862-4AEA-A4EE-6C44283112C1}"
EndProject
Project("{FAE04EC0-301F-11D3-BF4B-00C04F79EFBC}") = "Test.Model", "Test.Model\Test.Model.csproj", "{59AA0CED-7729-45CB-9365-B4E0E75EADE6}"
EndProject
Project("{FAE04EC0-301F-11D3-BF4B-00C04F79EFBC}") = "Test.DataAccess", "Test.DataAccess\Test.DataAccess.csproj", "{78E90088-19CB-41D1-A56A-92F6046B62F6}"
EndProject
Global
	GlobalSection(SolutionConfigurationPlatforms) = preSolution
		Debug|Any CPU = Debug|Any CPU
		Release|Any CPU = Release|Any CPU
	EndGlobalSection
	GlobalSection(ProjectConfigurationPlatforms) = postSolution
		{CA2438BA-6862-4AEA-A4EE-6C44283112C1}.Debug|Any CPU.ActiveCfg = Debug|Any CPU
		{CA2438BA-6862-4AEA-A4EE-6C44283112C1}.Debug|Any CPU.Build.0 = Debug|Any CPU
		{CA2438BA-6862-4AEA-A4EE-6C44283112C1}.Release|Any CPU.ActiveCfg = Release|Any CPU
		{CA2438BA-6862-4AEA-A4EE-6C44283112C1}.Release|Any CPU.Build.0 = Release|Any CPU
		{59AA0CED-7729-45CB-9365-B4E0E75EADE6}.Debug|Any CPU.ActiveCfg = Debug|Any CPU
		{59AA0CED-7729-45CB-9365-B4E0E75EADE6}.Debug|Any CPU.Build.0 = Debug|Any CPU
		{59AA0CED-7729-45CB-9365-B4E0E75EADE6}.Release|Any CPU.ActiveCfg = Release|Any CPU
		{59AA0CED-7729-45CB-9365-B4E0E75EADE6}.Release|Any CPU.Build.0 = Release|Any CPU
		{78E90088-19CB-41D1-A56A-92F6046B62F6}.Debug|Any CPU.ActiveCfg = Debug|Any CPU
		{78E90088-19CB-41D1-A56A-92F6046B62F6}.Debug|Any CPU.Build.0 = Debug|Any CPU
		{78E90088-19CB-41D1-A56A-92F6046B62F6}.Release|Any CPU.ActiveCfg = Release|Any CPU
		{78E90088-19CB-41D1-A56A-92F6046B62F6}.Release|Any CPU.Build.0 = Release|Any CPU
	EndGlobalSection
	GlobalSection(SolutionProperties) = preSolution
		HideSolutionNode = FALSE
	EndGlobalSection
EndGlobal
