
Microsoft Visual Studio Solution File, Format Version 12.00
# Visual Studio 2013
VisualStudioVersion = 12.0.21005.1
MinimumVisualStudioVersion = 10.0.40219.1
Project("{FAE04EC0-301F-11D3-BF4B-00C04F79EFBC}") = "EmbeddedAuthorizationServerWithRefreshToken", "EmbeddedAuthorizationServer\EmbeddedAuthorizationServerWithRefreshToken.csproj", "{C8CD1733-783A-4655-814B-9CF7FD7FDFE8}"
EndProject
Project("{FAE04EC0-301F-11D3-BF4B-00C04F79EFBC}") = "Client", "Client\Client.csproj", "{80B690ED-394F-4C24-8F9D-EFBF78106434}"
EndProject
Global
	GlobalSection(SolutionConfigurationPlatforms) = preSolution
		Debug|Any CPU = Debug|Any CPU
		Release|Any CPU = Release|Any CPU
	EndGlobalSection
	GlobalSection(ProjectConfigurationPlatforms) = postSolution
		{C8CD1733-783A-4655-814B-9CF7FD7FDFE8}.Debug|Any CPU.ActiveCfg = Debug|Any CPU
		{C8CD1733-783A-4655-814B-9CF7FD7FDFE8}.Debug|Any CPU.Build.0 = Debug|Any CPU
		{C8CD1733-783A-4655-814B-9CF7FD7FDFE8}.Release|Any CPU.ActiveCfg = Release|Any CPU
		{C8CD1733-783A-4655-814B-9CF7FD7FDFE8}.Release|Any CPU.Build.0 = Release|Any CPU
		{80B690ED-394F-4C24-8F9D-EFBF78106434}.Debug|Any CPU.ActiveCfg = Debug|Any CPU
		{80B690ED-394F-4C24-8F9D-EFBF78106434}.Debug|Any CPU.Build.0 = Debug|Any CPU
		{80B690ED-394F-4C24-8F9D-EFBF78106434}.Release|Any CPU.ActiveCfg = Release|Any CPU
		{80B690ED-394F-4C24-8F9D-EFBF78106434}.Release|Any CPU.Build.0 = Release|Any CPU
	EndGlobalSection
	GlobalSection(SolutionProperties) = preSolution
		HideSolutionNode = FALSE
	EndGlobalSection
EndGlobal
