
Microsoft Visual Studio Solution File, Format Version 11.00
# Visual Studio 2010
Project("{FAE04EC0-301F-11D3-BF4B-00C04F79EFBC}") = "BatchEvents", "BatchEvents\BatchEvents.csproj", "{E155026C-0386-4660-A35F-120EC15A657D}"
EndProject
Project("{FAE04EC0-301F-11D3-BF4B-00C04F79EFBC}") = "EventBroker", "EventBroker\EventBroker.csproj", "{2EE0BC2D-36C7-462E-9BC3-4AA1AC654DEC}"
EndProject
Project("{FAE04EC0-301F-11D3-BF4B-00C04F79EFBC}") = "CommandUndo", "CommandUndo\CommandUndo.csproj", "{9086CEE4-FE31-4613-9872-EDB8B571F987}"
EndProject
Project("{FAE04EC0-301F-11D3-BF4B-00C04F79EFBC}") = "MVVMDemo", "MVVMDemo\MVVMDemo.csproj", "{C8215DF7-64DE-492B-B5E5-D80F280536E1}"
EndProject
Project("{FAE04EC0-301F-11D3-BF4B-00C04F79EFBC}") = "ClickOnceDemo", "ClickOnceDemo\ClickOnceDemo.csproj", "{335585B7-F512-4CE9-B44D-EA1A20E1DF21}"
EndProject
Project("{FAE04EC0-301F-11D3-BF4B-00C04F79EFBC}") = "LocWinForms", "LocWinForms\LocWinForms.csproj", "{FFCC6A9E-EEFA-41B9-B3CE-B2D2FF191512}"
EndProject
Project("{E24C65DC-7377-472B-9ABA-BC803B73C61A}") = "LocWeb", "LocWeb\", "{5E6A45B1-1EF3-4B71-B092-518A8E98146A}"
	ProjectSection(WebsiteProperties) = preProject
		TargetFrameworkMoniker = ".NETFramework,Version%3Dv4.0"
		Debug.AspNetCompiler.VirtualPath = "/LocWeb"
		Debug.AspNetCompiler.PhysicalPath = "LocWeb\"
		Debug.AspNetCompiler.TargetPath = "PrecompiledWeb\LocWeb\"
		Debug.AspNetCompiler.Updateable = "true"
		Debug.AspNetCompiler.ForceOverwrite = "true"
		Debug.AspNetCompiler.FixedNames = "false"
		Debug.AspNetCompiler.Debug = "True"
		Release.AspNetCompiler.VirtualPath = "/LocWeb"
		Release.AspNetCompiler.PhysicalPath = "LocWeb\"
		Release.AspNetCompiler.TargetPath = "PrecompiledWeb\LocWeb\"
		Release.AspNetCompiler.Updateable = "true"
		Release.AspNetCompiler.ForceOverwrite = "true"
		Release.AspNetCompiler.FixedNames = "false"
		Release.AspNetCompiler.Debug = "False"
		VWDPort = "58598"
		DefaultWebSiteLanguage = "Visual C#"
	EndProjectSection
EndProject
Project("{FAE04EC0-301F-11D3-BF4B-00C04F79EFBC}") = "SaveScreenLocation", "SaveScreenLocation\SaveScreenLocation.csproj", "{E1DCEA89-BCEA-4E1E-A171-D1431F13E5BE}"
EndProject
Project("{FAE04EC0-301F-11D3-BF4B-00C04F79EFBC}") = "LocWPFXAML", "LocWPFXAML\LocWPFXAML.csproj", "{4E8072A3-DD82-4C17-B3AE-BDFF98C02474}"
EndProject
Project("{FAE04EC0-301F-11D3-BF4B-00C04F79EFBC}") = "LocWPFResources", "LocWPFResources\LocWPFResources.csproj", "{D1CE4154-5A85-4A34-AB8F-DF2946BA4635}"
EndProject
Project("{FAE04EC0-301F-11D3-BF4B-00C04F79EFBC}") = "LocSilverlight", "LocSilverlight\LocSilverlight.csproj", "{591FE564-5621-4A77-86FD-773F2BB07FD4}"
EndProject
Project("{FAE04EC0-301F-11D3-BF4B-00C04F79EFBC}") = "LocSilverlight.Web", "LocSilverlight.Web\LocSilverlight.Web.csproj", "{E9360FB8-899F-4F44-8CA6-5231683F77D4}"
EndProject
Project("{FAE04EC0-301F-11D3-BF4B-00C04F79EFBC}") = "StopwatchTimer", "StopwatchTimer\StopwatchTimer.csproj", "{DD2D0CE0-9B6D-4DF1-8D7E-131B757180A2}"
EndProject
Project("{FAE04EC0-301F-11D3-BF4B-00C04F79EFBC}") = "ObserverPattern", "ObserverPattern\ObserverPattern.csproj", "{AFFC9F2E-8AE7-442E-9D44-AFA41331232A}"
EndProject
Global
	GlobalSection(SolutionConfigurationPlatforms) = preSolution
		Debug|Any CPU = Debug|Any CPU
		Debug|Mixed Platforms = Debug|Mixed Platforms
		Debug|x86 = Debug|x86
		Release|Any CPU = Release|Any CPU
		Release|Mixed Platforms = Release|Mixed Platforms
		Release|x86 = Release|x86
	EndGlobalSection
	GlobalSection(ProjectConfigurationPlatforms) = postSolution
		{E155026C-0386-4660-A35F-120EC15A657D}.Debug|Any CPU.ActiveCfg = Debug|x86
		{E155026C-0386-4660-A35F-120EC15A657D}.Debug|Mixed Platforms.ActiveCfg = Debug|x86
		{E155026C-0386-4660-A35F-120EC15A657D}.Debug|Mixed Platforms.Build.0 = Debug|x86
		{E155026C-0386-4660-A35F-120EC15A657D}.Debug|x86.ActiveCfg = Debug|x86
		{E155026C-0386-4660-A35F-120EC15A657D}.Debug|x86.Build.0 = Debug|x86
		{E155026C-0386-4660-A35F-120EC15A657D}.Release|Any CPU.ActiveCfg = Release|x86
		{E155026C-0386-4660-A35F-120EC15A657D}.Release|Mixed Platforms.ActiveCfg = Release|x86
		{E155026C-0386-4660-A35F-120EC15A657D}.Release|Mixed Platforms.Build.0 = Release|x86
		{E155026C-0386-4660-A35F-120EC15A657D}.Release|x86.ActiveCfg = Release|x86
		{E155026C-0386-4660-A35F-120EC15A657D}.Release|x86.Build.0 = Release|x86
		{2EE0BC2D-36C7-462E-9BC3-4AA1AC654DEC}.Debug|Any CPU.ActiveCfg = Debug|x86
		{2EE0BC2D-36C7-462E-9BC3-4AA1AC654DEC}.Debug|Mixed Platforms.ActiveCfg = Debug|x86
		{2EE0BC2D-36C7-462E-9BC3-4AA1AC654DEC}.Debug|Mixed Platforms.Build.0 = Debug|x86
		{2EE0BC2D-36C7-462E-9BC3-4AA1AC654DEC}.Debug|x86.ActiveCfg = Debug|x86
		{2EE0BC2D-36C7-462E-9BC3-4AA1AC654DEC}.Debug|x86.Build.0 = Debug|x86
		{2EE0BC2D-36C7-462E-9BC3-4AA1AC654DEC}.Release|Any CPU.ActiveCfg = Release|x86
		{2EE0BC2D-36C7-462E-9BC3-4AA1AC654DEC}.Release|Mixed Platforms.ActiveCfg = Release|x86
		{2EE0BC2D-36C7-462E-9BC3-4AA1AC654DEC}.Release|Mixed Platforms.Build.0 = Release|x86
		{2EE0BC2D-36C7-462E-9BC3-4AA1AC654DEC}.Release|x86.ActiveCfg = Release|x86
		{2EE0BC2D-36C7-462E-9BC3-4AA1AC654DEC}.Release|x86.Build.0 = Release|x86
		{9086CEE4-FE31-4613-9872-EDB8B571F987}.Debug|Any CPU.ActiveCfg = Debug|Any CPU
		{9086CEE4-FE31-4613-9872-EDB8B571F987}.Debug|Any CPU.Build.0 = Debug|Any CPU
		{9086CEE4-FE31-4613-9872-EDB8B571F987}.Debug|Mixed Platforms.ActiveCfg = Debug|Any CPU
		{9086CEE4-FE31-4613-9872-EDB8B571F987}.Debug|Mixed Platforms.Build.0 = Debug|Any CPU
		{9086CEE4-FE31-4613-9872-EDB8B571F987}.Debug|x86.ActiveCfg = Debug|Any CPU
		{9086CEE4-FE31-4613-9872-EDB8B571F987}.Release|Any CPU.ActiveCfg = Release|Any CPU
		{9086CEE4-FE31-4613-9872-EDB8B571F987}.Release|Any CPU.Build.0 = Release|Any CPU
		{9086CEE4-FE31-4613-9872-EDB8B571F987}.Release|Mixed Platforms.ActiveCfg = Release|Any CPU
		{9086CEE4-FE31-4613-9872-EDB8B571F987}.Release|Mixed Platforms.Build.0 = Release|Any CPU
		{9086CEE4-FE31-4613-9872-EDB8B571F987}.Release|x86.ActiveCfg = Release|Any CPU
		{C8215DF7-64DE-492B-B5E5-D80F280536E1}.Debug|Any CPU.ActiveCfg = Debug|x86
		{C8215DF7-64DE-492B-B5E5-D80F280536E1}.Debug|Mixed Platforms.ActiveCfg = Debug|x86
		{C8215DF7-64DE-492B-B5E5-D80F280536E1}.Debug|Mixed Platforms.Build.0 = Debug|x86
		{C8215DF7-64DE-492B-B5E5-D80F280536E1}.Debug|x86.ActiveCfg = Debug|x86
		{C8215DF7-64DE-492B-B5E5-D80F280536E1}.Debug|x86.Build.0 = Debug|x86
		{C8215DF7-64DE-492B-B5E5-D80F280536E1}.Release|Any CPU.ActiveCfg = Release|x86
		{C8215DF7-64DE-492B-B5E5-D80F280536E1}.Release|Mixed Platforms.ActiveCfg = Release|x86
		{C8215DF7-64DE-492B-B5E5-D80F280536E1}.Release|Mixed Platforms.Build.0 = Release|x86
		{C8215DF7-64DE-492B-B5E5-D80F280536E1}.Release|x86.ActiveCfg = Release|x86
		{C8215DF7-64DE-492B-B5E5-D80F280536E1}.Release|x86.Build.0 = Release|x86
		{335585B7-F512-4CE9-B44D-EA1A20E1DF21}.Debug|Any CPU.ActiveCfg = Debug|x86
		{335585B7-F512-4CE9-B44D-EA1A20E1DF21}.Debug|Mixed Platforms.ActiveCfg = Debug|x86
		{335585B7-F512-4CE9-B44D-EA1A20E1DF21}.Debug|Mixed Platforms.Build.0 = Debug|x86
		{335585B7-F512-4CE9-B44D-EA1A20E1DF21}.Debug|x86.ActiveCfg = Debug|x86
		{335585B7-F512-4CE9-B44D-EA1A20E1DF21}.Debug|x86.Build.0 = Debug|x86
		{335585B7-F512-4CE9-B44D-EA1A20E1DF21}.Release|Any CPU.ActiveCfg = Release|x86
		{335585B7-F512-4CE9-B44D-EA1A20E1DF21}.Release|Mixed Platforms.ActiveCfg = Release|x86
		{335585B7-F512-4CE9-B44D-EA1A20E1DF21}.Release|Mixed Platforms.Build.0 = Release|x86
		{335585B7-F512-4CE9-B44D-EA1A20E1DF21}.Release|x86.ActiveCfg = Release|x86
		{335585B7-F512-4CE9-B44D-EA1A20E1DF21}.Release|x86.Build.0 = Release|x86
		{FFCC6A9E-EEFA-41B9-B3CE-B2D2FF191512}.Debug|Any CPU.ActiveCfg = Debug|x86
		{FFCC6A9E-EEFA-41B9-B3CE-B2D2FF191512}.Debug|Mixed Platforms.ActiveCfg = Debug|x86
		{FFCC6A9E-EEFA-41B9-B3CE-B2D2FF191512}.Debug|Mixed Platforms.Build.0 = Debug|x86
		{FFCC6A9E-EEFA-41B9-B3CE-B2D2FF191512}.Debug|x86.ActiveCfg = Debug|x86
		{FFCC6A9E-EEFA-41B9-B3CE-B2D2FF191512}.Debug|x86.Build.0 = Debug|x86
		{FFCC6A9E-EEFA-41B9-B3CE-B2D2FF191512}.Release|Any CPU.ActiveCfg = Release|x86
		{FFCC6A9E-EEFA-41B9-B3CE-B2D2FF191512}.Release|Mixed Platforms.ActiveCfg = Release|x86
		{FFCC6A9E-EEFA-41B9-B3CE-B2D2FF191512}.Release|Mixed Platforms.Build.0 = Release|x86
		{FFCC6A9E-EEFA-41B9-B3CE-B2D2FF191512}.Release|x86.ActiveCfg = Release|x86
		{FFCC6A9E-EEFA-41B9-B3CE-B2D2FF191512}.Release|x86.Build.0 = Release|x86
		{5E6A45B1-1EF3-4B71-B092-518A8E98146A}.Debug|Any CPU.ActiveCfg = Debug|Any CPU
		{5E6A45B1-1EF3-4B71-B092-518A8E98146A}.Debug|Any CPU.Build.0 = Debug|Any CPU
		{5E6A45B1-1EF3-4B71-B092-518A8E98146A}.Debug|Mixed Platforms.ActiveCfg = Debug|Any CPU
		{5E6A45B1-1EF3-4B71-B092-518A8E98146A}.Debug|Mixed Platforms.Build.0 = Debug|Any CPU
		{5E6A45B1-1EF3-4B71-B092-518A8E98146A}.Debug|x86.ActiveCfg = Debug|Any CPU
		{5E6A45B1-1EF3-4B71-B092-518A8E98146A}.Release|Any CPU.ActiveCfg = Debug|Any CPU
		{5E6A45B1-1EF3-4B71-B092-518A8E98146A}.Release|Any CPU.Build.0 = Debug|Any CPU
		{5E6A45B1-1EF3-4B71-B092-518A8E98146A}.Release|Mixed Platforms.ActiveCfg = Debug|Any CPU
		{5E6A45B1-1EF3-4B71-B092-518A8E98146A}.Release|Mixed Platforms.Build.0 = Debug|Any CPU
		{5E6A45B1-1EF3-4B71-B092-518A8E98146A}.Release|x86.ActiveCfg = Debug|Any CPU
		{E1DCEA89-BCEA-4E1E-A171-D1431F13E5BE}.Debug|Any CPU.ActiveCfg = Debug|x86
		{E1DCEA89-BCEA-4E1E-A171-D1431F13E5BE}.Debug|Mixed Platforms.ActiveCfg = Debug|x86
		{E1DCEA89-BCEA-4E1E-A171-D1431F13E5BE}.Debug|Mixed Platforms.Build.0 = Debug|x86
		{E1DCEA89-BCEA-4E1E-A171-D1431F13E5BE}.Debug|x86.ActiveCfg = Debug|x86
		{E1DCEA89-BCEA-4E1E-A171-D1431F13E5BE}.Debug|x86.Build.0 = Debug|x86
		{E1DCEA89-BCEA-4E1E-A171-D1431F13E5BE}.Release|Any CPU.ActiveCfg = Release|x86
		{E1DCEA89-BCEA-4E1E-A171-D1431F13E5BE}.Release|Mixed Platforms.ActiveCfg = Release|x86
		{E1DCEA89-BCEA-4E1E-A171-D1431F13E5BE}.Release|Mixed Platforms.Build.0 = Release|x86
		{E1DCEA89-BCEA-4E1E-A171-D1431F13E5BE}.Release|x86.ActiveCfg = Release|x86
		{E1DCEA89-BCEA-4E1E-A171-D1431F13E5BE}.Release|x86.Build.0 = Release|x86
		{4E8072A3-DD82-4C17-B3AE-BDFF98C02474}.Debug|Any CPU.ActiveCfg = Debug|x86
		{4E8072A3-DD82-4C17-B3AE-BDFF98C02474}.Debug|Mixed Platforms.ActiveCfg = Debug|x86
		{4E8072A3-DD82-4C17-B3AE-BDFF98C02474}.Debug|Mixed Platforms.Build.0 = Debug|x86
		{4E8072A3-DD82-4C17-B3AE-BDFF98C02474}.Debug|x86.ActiveCfg = Debug|x86
		{4E8072A3-DD82-4C17-B3AE-BDFF98C02474}.Debug|x86.Build.0 = Debug|x86
		{4E8072A3-DD82-4C17-B3AE-BDFF98C02474}.Release|Any CPU.ActiveCfg = Release|x86
		{4E8072A3-DD82-4C17-B3AE-BDFF98C02474}.Release|Mixed Platforms.ActiveCfg = Release|x86
		{4E8072A3-DD82-4C17-B3AE-BDFF98C02474}.Release|Mixed Platforms.Build.0 = Release|x86
		{4E8072A3-DD82-4C17-B3AE-BDFF98C02474}.Release|x86.ActiveCfg = Release|x86
		{4E8072A3-DD82-4C17-B3AE-BDFF98C02474}.Release|x86.Build.0 = Release|x86
		{D1CE4154-5A85-4A34-AB8F-DF2946BA4635}.Debug|Any CPU.ActiveCfg = Debug|x86
		{D1CE4154-5A85-4A34-AB8F-DF2946BA4635}.Debug|Mixed Platforms.ActiveCfg = Debug|x86
		{D1CE4154-5A85-4A34-AB8F-DF2946BA4635}.Debug|Mixed Platforms.Build.0 = Debug|x86
		{D1CE4154-5A85-4A34-AB8F-DF2946BA4635}.Debug|x86.ActiveCfg = Debug|x86
		{D1CE4154-5A85-4A34-AB8F-DF2946BA4635}.Debug|x86.Build.0 = Debug|x86
		{D1CE4154-5A85-4A34-AB8F-DF2946BA4635}.Release|Any CPU.ActiveCfg = Release|x86
		{D1CE4154-5A85-4A34-AB8F-DF2946BA4635}.Release|Mixed Platforms.ActiveCfg = Release|x86
		{D1CE4154-5A85-4A34-AB8F-DF2946BA4635}.Release|Mixed Platforms.Build.0 = Release|x86
		{D1CE4154-5A85-4A34-AB8F-DF2946BA4635}.Release|x86.ActiveCfg = Release|x86
		{D1CE4154-5A85-4A34-AB8F-DF2946BA4635}.Release|x86.Build.0 = Release|x86
		{591FE564-5621-4A77-86FD-773F2BB07FD4}.Debug|Any CPU.ActiveCfg = Debug|Any CPU
		{591FE564-5621-4A77-86FD-773F2BB07FD4}.Debug|Any CPU.Build.0 = Debug|Any CPU
		{591FE564-5621-4A77-86FD-773F2BB07FD4}.Debug|Mixed Platforms.ActiveCfg = Debug|Any CPU
		{591FE564-5621-4A77-86FD-773F2BB07FD4}.Debug|Mixed Platforms.Build.0 = Debug|Any CPU
		{591FE564-5621-4A77-86FD-773F2BB07FD4}.Debug|x86.ActiveCfg = Debug|Any CPU
		{591FE564-5621-4A77-86FD-773F2BB07FD4}.Release|Any CPU.ActiveCfg = Release|Any CPU
		{591FE564-5621-4A77-86FD-773F2BB07FD4}.Release|Any CPU.Build.0 = Release|Any CPU
		{591FE564-5621-4A77-86FD-773F2BB07FD4}.Release|Mixed Platforms.ActiveCfg = Release|Any CPU
		{591FE564-5621-4A77-86FD-773F2BB07FD4}.Release|Mixed Platforms.Build.0 = Release|Any CPU
		{591FE564-5621-4A77-86FD-773F2BB07FD4}.Release|x86.ActiveCfg = Release|Any CPU
		{E9360FB8-899F-4F44-8CA6-5231683F77D4}.Debug|Any CPU.ActiveCfg = Debug|Any CPU
		{E9360FB8-899F-4F44-8CA6-5231683F77D4}.Debug|Any CPU.Build.0 = Debug|Any CPU
		{E9360FB8-899F-4F44-8CA6-5231683F77D4}.Debug|Mixed Platforms.ActiveCfg = Debug|Any CPU
		{E9360FB8-899F-4F44-8CA6-5231683F77D4}.Debug|Mixed Platforms.Build.0 = Debug|Any CPU
		{E9360FB8-899F-4F44-8CA6-5231683F77D4}.Debug|x86.ActiveCfg = Debug|Any CPU
		{E9360FB8-899F-4F44-8CA6-5231683F77D4}.Release|Any CPU.ActiveCfg = Release|Any CPU
		{E9360FB8-899F-4F44-8CA6-5231683F77D4}.Release|Any CPU.Build.0 = Release|Any CPU
		{E9360FB8-899F-4F44-8CA6-5231683F77D4}.Release|Mixed Platforms.ActiveCfg = Release|Any CPU
		{E9360FB8-899F-4F44-8CA6-5231683F77D4}.Release|Mixed Platforms.Build.0 = Release|Any CPU
		{E9360FB8-899F-4F44-8CA6-5231683F77D4}.Release|x86.ActiveCfg = Release|Any CPU
		{DD2D0CE0-9B6D-4DF1-8D7E-131B757180A2}.Debug|Any CPU.ActiveCfg = Debug|x86
		{DD2D0CE0-9B6D-4DF1-8D7E-131B757180A2}.Debug|Mixed Platforms.ActiveCfg = Debug|x86
		{DD2D0CE0-9B6D-4DF1-8D7E-131B757180A2}.Debug|Mixed Platforms.Build.0 = Debug|x86
		{DD2D0CE0-9B6D-4DF1-8D7E-131B757180A2}.Debug|x86.ActiveCfg = Debug|x86
		{DD2D0CE0-9B6D-4DF1-8D7E-131B757180A2}.Debug|x86.Build.0 = Debug|x86
		{DD2D0CE0-9B6D-4DF1-8D7E-131B757180A2}.Release|Any CPU.ActiveCfg = Release|x86
		{DD2D0CE0-9B6D-4DF1-8D7E-131B757180A2}.Release|Mixed Platforms.ActiveCfg = Release|x86
		{DD2D0CE0-9B6D-4DF1-8D7E-131B757180A2}.Release|Mixed Platforms.Build.0 = Release|x86
		{DD2D0CE0-9B6D-4DF1-8D7E-131B757180A2}.Release|x86.ActiveCfg = Release|x86
		{DD2D0CE0-9B6D-4DF1-8D7E-131B757180A2}.Release|x86.Build.0 = Release|x86
		{AFFC9F2E-8AE7-442E-9D44-AFA41331232A}.Debug|Any CPU.ActiveCfg = Debug|x86
		{AFFC9F2E-8AE7-442E-9D44-AFA41331232A}.Debug|Mixed Platforms.ActiveCfg = Debug|x86
		{AFFC9F2E-8AE7-442E-9D44-AFA41331232A}.Debug|Mixed Platforms.Build.0 = Debug|x86
		{AFFC9F2E-8AE7-442E-9D44-AFA41331232A}.Debug|x86.ActiveCfg = Debug|x86
		{AFFC9F2E-8AE7-442E-9D44-AFA41331232A}.Debug|x86.Build.0 = Debug|x86
		{AFFC9F2E-8AE7-442E-9D44-AFA41331232A}.Release|Any CPU.ActiveCfg = Release|x86
		{AFFC9F2E-8AE7-442E-9D44-AFA41331232A}.Release|Mixed Platforms.ActiveCfg = Release|x86
		{AFFC9F2E-8AE7-442E-9D44-AFA41331232A}.Release|Mixed Platforms.Build.0 = Release|x86
		{AFFC9F2E-8AE7-442E-9D44-AFA41331232A}.Release|x86.ActiveCfg = Release|x86
		{AFFC9F2E-8AE7-442E-9D44-AFA41331232A}.Release|x86.Build.0 = Release|x86
	EndGlobalSection
	GlobalSection(SolutionProperties) = preSolution
		HideSolutionNode = FALSE
	EndGlobalSection
EndGlobal
